// !$*UTF8*$!
{
	archiveVersion = 1;
	classes = {
	};
	objectVersion = 46;
	objects = {

/* Begin PBXBuildFile section */
		18195CFD1AC102720006E37A /* TestCollectionViewCell.m in Sources */ = {isa = PBXBuildFile; fileRef = 18195CFC1AC102720006E37A /* TestCollectionViewCell.m */; };
		184551E81A4E5C340047F6B6 /* main.m in Sources */ = {isa = PBXBuildFile; fileRef = 184551E71A4E5C340047F6B6 /* main.m */; };
		184551EB1A4E5C340047F6B6 /* AppDelegate.m in Sources */ = {isa = PBXBuildFile; fileRef = 184551EA1A4E5C340047F6B6 /* AppDelegate.m */; };
		184551EE1A4E5C340047F6B6 /* ViewController.m in Sources */ = {isa = PBXBuildFile; fileRef = 184551ED1A4E5C340047F6B6 /* ViewController.m */; };
		184551F11A4E5C340047F6B6 /* Main.storyboard in Resources */ = {isa = PBXBuildFile; fileRef = 184551EF1A4E5C340047F6B6 /* Main.storyboard */; };
		184551F31A4E5C340047F6B6 /* Images.xcassets in Resources */ = {isa = PBXBuildFile; fileRef = 184551F21A4E5C340047F6B6 /* Images.xcassets */; };
		184551F61A4E5C340047F6B6 /* LaunchScreen.xib in Resources */ = {isa = PBXBuildFile; fileRef = 184551F41A4E5C340047F6B6 /* LaunchScreen.xib */; };
		184552021A4E5C340047F6B6 /* RepoTestTests.m in Sources */ = {isa = PBXBuildFile; fileRef = 184552011A4E5C340047F6B6 /* RepoTestTests.m */; };
/* End PBXBuildFile section */

/* Begin PBXContainerItemProxy section */
		184551FC1A4E5C340047F6B6 /* PBXContainerItemProxy */ = {
			isa = PBXContainerItemProxy;
			containerPortal = 184551DA1A4E5C340047F6B6 /* Project object */;
			proxyType = 1;
			remoteGlobalIDString = 184551E11A4E5C340047F6B6;
			remoteInfo = RepoTest;
		};
/* End PBXContainerItemProxy section */

/* Begin PBXFileReference section */
		18195CFB1AC102720006E37A /* TestCollectionViewCell.h */ = {isa = PBXFileReference; fileEncoding = 4; lastKnownFileType = sourcecode.c.h; path = TestCollectionViewCell.h; sourceTree = "<group>"; };
		18195CFC1AC102720006E37A /* TestCollectionViewCell.m */ = {isa = PBXFileReference; fileEncoding = 4; lastKnownFileType = sourcecode.c.objc; path = TestCollectionViewCell.m; sourceTree = "<group>"; };
		184551E21A4E5C340047F6B6 /* RepoTest.app */ = {isa = PBXFileReference; explicitFileType = wrapper.application; includeInIndex = 0; path = RepoTest.app; sourceTree = BUILT_PRODUCTS_DIR; };
		184551E61A4E5C340047F6B6 /* Info.plist */ = {isa = PBXFileReference; lastKnownFileType = text.plist.xml; path = Info.plist; sourceTree = "<group>"; };
		184551E71A4E5C340047F6B6 /* main.m */ = {isa = PBXFileReference; lastKnownFileType = sourcecode.c.objc; path = main.m; sourceTree = "<group>"; };
		184551E91A4E5C340047F6B6 /* AppDelegate.h */ = {isa = PBXFileReference; lastKnownFileType = sourcecode.c.h; path = AppDelegate.h; sourceTree = "<group>"; };
		184551EA1A4E5C340047F6B6 /* AppDelegate.m */ = {isa = PBXFileReference; lastKnownFileType = sourcecode.c.objc; path = AppDelegate.m; sourceTree = "<group>"; };
		184551EC1A4E5C340047F6B6 /* ViewController.h */ = {isa = PBXFileReference; lastKnownFileType = sourcecode.c.h; path = ViewController.h; sourceTree = "<group>"; };
		184551ED1A4E5C340047F6B6 /* ViewController.m */ = {isa = PBXFileReference; lastKnownFileType = sourcecode.c.objc; path = ViewController.m; sourceTree = "<group>"; };
		184551F01A4E5C340047F6B6 /* Base */ = {isa = PBXFileReference; lastKnownFileType = file.storyboard; name = Base; path = Base.lproj/Main.storyboard; sourceTree = "<group>"; };
		184551F21A4E5C340047F6B6 /* Images.xcassets */ = {isa = PBXFileReference; lastKnownFileType = folder.assetcatalog; path = Images.xcassets; sourceTree = "<group>"; };
		184551F51A4E5C340047F6B6 /* Base */ = {isa = PBXFileReference; lastKnownFileType = file.xib; name = Base; path = Base.lproj/LaunchScreen.xib; sourceTree = "<group>"; };
		184551FB1A4E5C340047F6B6 /* RepoTestTests.xctest */ = {isa = PBXFileReference; explicitFileType = wrapper.cfbundle; includeInIndex = 0; path = RepoTestTests.xctest; sourceTree = BUILT_PRODUCTS_DIR; };
		184552001A4E5C340047F6B6 /* Info.plist */ = {isa = PBXFileReference; lastKnownFileType = text.plist.xml; path = Info.plist; sourceTree = "<group>"; };
		184552011A4E5C340047F6B6 /* RepoTestTests.m */ = {isa = PBXFileReference; lastKnownFileType = sourcecode.c.objc; path = RepoTestTests.m; sourceTree = "<group>"; };
/* End PBXFileReference section */

/* Begin PBXFrameworksBuildPhase section */
		184551DF1A4E5C340047F6B6 /* Frameworks */ = {
			isa = PBXFrameworksBuildPhase;
			buildActionMask = 2147483647;
			files = (
			);
			runOnlyForDeploymentPostprocessing = 0;
		};
		184551F81A4E5C340047F6B6 /* Frameworks */ = {
			isa = PBXFrameworksBuildPhase;
			buildActionMask = 2147483647;
			files = (
			);
			runOnlyForDeploymentPostprocessing = 0;
		};
/* End PBXFrameworksBuildPhase section */

/* Begin PBXGroup section */
		184551D91A4E5C340047F6B6 = {
			isa = PBXGroup;
			children = (
				184551E41A4E5C340047F6B6 /* RepoTest */,
				184551FE1A4E5C340047F6B6 /* RepoTestTests */,
				184551E31A4E5C340047F6B6 /* Products */,
			);
			sourceTree = "<group>";
		};
		184551E31A4E5C340047F6B6 /* Products */ = {
			isa = PBXGroup;
			children = (
				184551E21A4E5C340047F6B6 /* RepoTest.app */,
				184551FB1A4E5C340047F6B6 /* RepoTestTests.xctest */,
			);
			name = Products;
			sourceTree = "<group>";
		};
		184551E41A4E5C340047F6B6 /* RepoTest */ = {
			isa = PBXGroup;
			children = (
				184551E91A4E5C340047F6B6 /* AppDelegate.h */,
				184551EA1A4E5C340047F6B6 /* AppDelegate.m */,
				184551EC1A4E5C340047F6B6 /* ViewController.h */,
				184551ED1A4E5C340047F6B6 /* ViewController.m */,
				18195CFB1AC102720006E37A /* TestCollectionViewCell.h */,
				18195CFC1AC102720006E37A /* TestCollectionViewCell.m */,
				184551EF1A4E5C340047F6B6 /* Main.storyboard */,
				184551F21A4E5C340047F6B6 /* Images.xcassets */,
				184551F41A4E5C340047F6B6 /* LaunchScreen.xib */,
				184551E51A4E5C340047F6B6 /* Supporting Files */,
			);
			path = RepoTest;
			sourceTree = "<group>";
		};
		184551E51A4E5C340047F6B6 /* Supporting Files */ = {
			isa = PBXGroup;
			children = (
				184551E61A4E5C340047F6B6 /* Info.plist */,
				184551E71A4E5C340047F6B6 /* main.m */,
			);
			name = "Supporting Files";
			sourceTree = "<group>";
		};
		184551FE1A4E5C340047F6B6 /* RepoTestTests */ = {
			isa = PBXGroup;
			children = (
				184552011A4E5C340047F6B6 /* RepoTestTests.m */,
				184551FF1A4E5C340047F6B6 /* Supporting Files */,
			);
			path = RepoTestTests;
			sourceTree = "<group>";
		};
		184551FF1A4E5C340047F6B6 /* Supporting Files */ = {
			isa = PBXGroup;
			children = (
				184552001A4E5C340047F6B6 /* Info.plist */,
			);
			name = "Supporting Files";
			sourceTree = "<group>";
		};
/* End PBXGroup section */

/* Begin PBXNativeTarget section */
		184551E11A4E5C340047F6B6 /* RepoTest */ = {
			isa = PBXNativeTarget;
			buildConfigurationList = 184552051A4E5C340047F6B6 /* Build configuration list for PBXNativeTarget "RepoTest" */;
			buildPhases = (
				184551DE1A4E5C340047F6B6 /* Sources */,
				184551DF1A4E5C340047F6B6 /* Frameworks */,
				184551E01A4E5C340047F6B6 /* Resources */,
			);
			buildRules = (
			);
			dependencies = (
			);
			name = RepoTest;
			productName = RepoTest;
			productReference = 184551E21A4E5C340047F6B6 /* RepoTest.app */;
			productType = "com.apple.product-type.application";
		};
		184551FA1A4E5C340047F6B6 /* RepoTestTests */ = {
			isa = PBXNativeTarget;
			buildConfigurationList = 184552081A4E5C340047F6B6 /* Build configuration list for PBXNativeTarget "RepoTestTests" */;
			buildPhases = (
				184551F71A4E5C340047F6B6 /* Sources */,
				184551F81A4E5C340047F6B6 /* Frameworks */,
				184551F91A4E5C340047F6B6 /* Resources */,
			);
			buildRules = (
			);
			dependencies = (
				184551FD1A4E5C340047F6B6 /* PBXTargetDependency */,
			);
			name = RepoTestTests;
			productName = RepoTestTests;
			productReference = 184551FB1A4E5C340047F6B6 /* RepoTestTests.xctest */;
			productType = "com.apple.product-type.bundle.unit-test";
		};
/* End PBXNativeTarget section */

/* Begin PBXProject section */
		184551DA1A4E5C340047F6B6 /* Project object */ = {
			isa = PBXProject;
			attributes = {
				LastUpgradeCheck = 0610;
				ORGANIZATIONNAME = baojun;
				TargetAttributes = {
					184551E11A4E5C340047F6B6 = {
						CreatedOnToolsVersion = 6.1;
					};
					184551FA1A4E5C340047F6B6 = {
						CreatedOnToolsVersion = 6.1;
						TestTargetID = 184551E11A4E5C340047F6B6;
					};
				};
			};
			buildConfigurationList = 184551DD1A4E5C340047F6B6 /* Build configuration list for PBXProject "RepoTest" */;
			compatibilityVersion = "Xcode 3.2";
			developmentRegion = English;
			hasScannedForEncodings = 0;
			knownRegions = (
				en,
				Base,
			);
			mainGroup = 184551D91A4E5C340047F6B6;
			productRefGroup = 184551E31A4E5C340047F6B6 /* Products */;
			projectDirPath = "";
			projectRoot = "";
			targets = (
				184551E11A4E5C340047F6B6 /* RepoTest */,
				184551FA1A4E5C340047F6B6 /* RepoTestTests */,
			);
		};
/* End PBXProject section */

/* Begin PBXResourcesBuildPhase section */
		184551E01A4E5C340047F6B6 /* Resources */ = {
			isa = PBXResourcesBuildPhase;
			buildActionMask = 2147483647;
			files = (
				184551F11A4E5C340047F6B6 /* Main.storyboard in Resources */,
				184551F61A4E5C340047F6B6 /* LaunchScreen.xib in Resources */,
				184551F31A4E5C340047F6B6 /* Images.xcassets in Resources */,
			);
			runOnlyForDeploymentPostprocessing = 0;
		};
		184551F91A4E5C340047F6B6 /* Resources */ = {
			isa = PBXResourcesBuildPhase;
			buildActionMask = 2147483647;
			files = (
			);
			runOnlyForDeploymentPostprocessing = 0;
		};
/* End PBXResourcesBuildPhase section */

/* Begin PBXSourcesBuildPhase section */
		184551DE1A4E5C340047F6B6 /* Sources */ = {
			isa = PBXSourcesBuildPhase;
			buildActionMask = 2147483647;
			files = (
				184551EE1A4E5C340047F6B6 /* ViewController.m in Sources */,
				184551EB1A4E5C340047F6B6 /* AppDelegate.m in Sources */,
				18195CFD1AC102720006E37A /* TestCollectionViewCell.m in Sources */,
				184551E81A4E5C340047F6B6 /* main.m in Sources */,
			);
			runOnlyForDeploymentPostprocessing = 0;
		};
		184551F71A4E5C340047F6B6 /* Sources */ = {
			isa = PBXSourcesBuildPhase;
			buildActionMask = 2147483647;
			files = (
				184552021A4E5C340047F6B6 /* RepoTestTests.m in Sources */,
			);
			runOnlyForDeploymentPostprocessing = 0;
		};
/* End PBXSourcesBuildPhase section */

/* Begin PBXTargetDependency section */
		184551FD1A4E5C340047F6B6 /* PBXTargetDependency */ = {
			isa = PBXTargetDependency;
			target = 184551E11A4E5C340047F6B6 /* RepoTest */;
			targetProxy = 184551FC1A4E5C340047F6B6 /* PBXContainerItemProxy */;
		};
/* End PBXTargetDependency section */

/* Begin PBXVariantGroup section */
		184551EF1A4E5C340047F6B6 /* Main.storyboard */ = {
			isa = PBXVariantGroup;
			children = (
				184551F01A4E5C340047F6B6 /* Base */,
			);
			name = Main.storyboard;
			sourceTree = "<group>";
		};
		184551F41A4E5C340047F6B6 /* LaunchScreen.xib */ = {
			isa = PBXVariantGroup;
			children = (
				184551F51A4E5C340047F6B6 /* Base */,
			);
			name = LaunchScreen.xib;
			sourceTree = "<group>";
		};
/* End PBXVariantGroup section */

/* Begin XCBuildConfiguration section */
		184552031A4E5C340047F6B6 /* Debug */ = {
			isa = XCBuildConfiguration;
			buildSettings = {
				ALWAYS_SEARCH_USER_PATHS = NO;
				CLANG_CXX_LANGUAGE_STANDARD = "gnu++0x";
				CLANG_CXX_LIBRARY = "libc++";
				CLANG_ENABLE_MODULES = YES;
				CLANG_ENABLE_OBJC_ARC = YES;
				CLANG_WARN_BOOL_CONVERSION = YES;
				CLANG_WARN_CONSTANT_CONVERSION = YES;
				CLANG_WARN_DIRECT_OBJC_ISA_USAGE = YES_ERROR;
				CLANG_WARN_EMPTY_BODY = YES;
				CLANG_WARN_ENUM_CONVERSION = YES;
				CLANG_WARN_INT_CONVERSION = YES;
				CLANG_WARN_OBJC_ROOT_CLASS = YES_ERROR;
				CLANG_WARN_UNREACHABLE_CODE = YES;
				CLANG_WARN__DUPLICATE_METHOD_MATCH = YES;
				"CODE_SIGN_IDENTITY[sdk=iphoneos*]" = "iPhone Developer";
				COPY_PHASE_STRIP = NO;
				ENABLE_STRICT_OBJC_MSGSEND = YES;
				GCC_C_LANGUAGE_STANDARD = gnu99;
				GCC_DYNAMIC_NO_PIC = NO;
				GCC_OPTIMIZATION_LEVEL = 0;
				GCC_PREPROCESSOR_DEFINITIONS = (
					"DEBUG=1",
					"$(inherited)",
				);
				GCC_SYMBOLS_PRIVATE_EXTERN = NO;
				GCC_WARN_64_TO_32_BIT_CONVERSION = YES;
				GCC_WARN_ABOUT_RETURN_TYPE = YES_ERROR;
				GCC_WARN_UNDECLARED_SELECTOR = YES;
				GCC_WARN_UNINITIALIZED_AUTOS = YES_AGGRESSIVE;
				GCC_WARN_UNUSED_FUNCTION = YES;
				GCC_WARN_UNUSED_VARIABLE = YES;
				IPHONEOS_DEPLOYMENT_TARGET = 8.1;
				MTL_ENABLE_DEBUG_INFO = YES;
				ONLY_ACTIVE_ARCH = YES;
				SDKROOT = iphoneos;
			};
			name = Debug;
		};
		184552041A4E5C340047F6B6 /* Release */ = {
			isa = XCBuildConfiguration;
			buildSettings = {
				ALWAYS_SEARCH_USER_PATHS = NO;
				CLANG_CXX_LANGUAGE_STANDARD = "gnu++0x";
				CLANG_CXX_LIBRARY = "libc++";
				CLANG_ENABLE_MODULES = YES;
				CLANG_ENABLE_OBJC_ARC = YES;
				CLANG_WARN_BOOL_CONVERSION = YES;
				CLANG_WARN_CONSTANT_CONVERSION = YES;
				CLANG_WARN_DIRECT_OBJC_ISA_USAGE = YES_ERROR;
				CLANG_WARN_EMPTY_BODY = YES;
				CLANG_WARN_ENUM_CONVERSION = YES;
				CLANG_WARN_INT_CONVERSION = YES;
				CLANG_WARN_OBJC_ROOT_CLASS = YES_ERROR;
				CLANG_WARN_UNREACHABLE_CODE = YES;
				CLANG_WARN__DUPLICATE_METHOD_MATCH = YES;
				"CODE_SIGN_IDENTITY[sdk=iphoneos*]" = "iPhone Developer";
				COPY_PHASE_STRIP = YES;
				ENABLE_NS_ASSERTIONS = NO;
				ENABLE_STRICT_OBJC_MSGSEND = YES;
				GCC_C_LANGUAGE_STANDARD = gnu99;
				GCC_WARN_64_TO_32_BIT_CONVERSION = YES;
				GCC_WARN_ABOUT_RETURN_TYPE = YES_ERROR;
				GCC_WARN_UNDECLARED_SELECTOR = YES;
				GCC_WARN_UNINITIALIZED_AUTOS = YES_AGGRESSIVE;
				GCC_WARN_UNUSED_FUNCTION = YES;
				GCC_WARN_UNUSED_VARIABLE = YES;
				IPHONEOS_DEPLOYMENT_TARGET = 8.1;
				MTL_ENABLE_DEBUG_INFO = NO;
				SDKROOT = iphoneos;
				VALIDATE_PRODUCT = YES;
			};
			name = Release;
		};
		184552061A4E5C340047F6B6 /* Debug */ = {
			isa = XCBuildConfiguration;
			buildSettings = {
				ASSETCATALOG_COMPILER_APPICON_NAME = AppIcon;
				INFOPLIST_FILE = RepoTest/Info.plist;
				LD_RUNPATH_SEARCH_PATHS = "$(inherited) @executable_path/Frameworks";
				PRODUCT_NAME = "$(TARGET_NAME)";
			};
			name = Debug;
		};
		184552071A4E5C340047F6B6 /* Release */ = {
			isa = XCBuildConfiguration;
			buildSettings = {
				ASSETCATALOG_COMPILER_APPICON_NAME = AppIcon;
				INFOPLIST_FILE = RepoTest/Info.plist;
				LD_RUNPATH_SEARCH_PATHS = "$(inherited) @executable_path/Frameworks";
				PRODUCT_NAME = "$(TARGET_NAME)";
			};
			name = Release;
		};
		184552091A4E5C340047F6B6 /* Debug */ = {
			isa = XCBuildConfiguration;
			buildSettings = {
				BUNDLE_LOADER = "$(TEST_HOST)";
				FRAMEWORK_SEARCH_PATHS = (
					"$(SDKROOT)/Developer/Library/Frameworks",
					"$(inherited)",
				);
				GCC_PREPROCESSOR_DEFINITIONS = (
					"DEBUG=1",
					"$(inherited)",
				);
				INFOPLIST_FILE = RepoTestTests/Info.plist;
				LD_RUNPATH_SEARCH_PATHS = "$(inherited) @executable_path/Frameworks @loader_path/Frameworks";
				PRODUCT_NAME = "$(TARGET_NAME)";
				TEST_HOST = "$(BUILT_PRODUCTS_DIR)/RepoTest.app/RepoTest";
			};
			name = Debug;
		};
		1845520A1A4E5C340047F6B6 /* Release */ = {
			isa = XCBuildConfiguration;
			buildSettings = {
				BUNDLE_LOADER = "$(TEST_HOST)";
				FRAMEWORK_SEARCH_PATHS = (
					"$(SDKROOT)/Developer/Library/Frameworks",
					"$(inherited)",
				);
				INFOPLIST_FILE = RepoTestTests/Info.plist;
				LD_RUNPATH_SEARCH_PATHS = "$(inherited) @executable_path/Frameworks @loader_path/Frameworks";
				PRODUCT_NAME = "$(TARGET_NAME)";
				TEST_HOST = "$(BUILT_PRODUCTS_DIR)/RepoTest.app/RepoTest";
			};
			name = Release;
		};
/* End XCBuildConfiguration section */

/* Begin XCConfigurationList section */
		184551DD1A4E5C340047F6B6 /* Build configuration list for PBXProject "RepoTest" */ = {
			isa = XCConfigurationList;
			buildConfigurations = (
				184552031A4E5C340047F6B6 /* Debug */,
				184552041A4E5C340047F6B6 /* Release */,
			);
			defaultConfigurationIsVisible = 0;
			defaultConfigurationName = Release;
		};
		184552051A4E5C340047F6B6 /* Build configuration list for PBXNativeTarget "RepoTest" */ = {
			isa = XCConfigurationList;
			buildConfigurations = (
				184552061A4E5C340047F6B6 /* Debug */,
				184552071A4E5C340047F6B6 /* Release */,
			);
			defaultConfigurationIsVisible = 0;
			defaultConfigurationName = Release;
		};
		184552081A4E5C340047F6B6 /* Build configuration list for PBXNativeTarget "RepoTestTests" */ = {
			isa = XCConfigurationList;
			buildConfigurations = (
				184552091A4E5C340047F6B6 /* Debug */,
				1845520A1A4E5C340047F6B6 /* Release */,
			);
			defaultConfigurationIsVisible = 0;
			defaultConfigurationName = Release;
		};
/* End XCConfigurationList section */
	};
	rootObject = 184551DA1A4E5C340047F6B6 /* Project object */;
}
